
Microsoft Visual Studio Solution File, Format Version 12.00
# Visual Studio Version 16
VisualStudioVersion = 16.0.31313.79
MinimumVisualStudioVersion = 10.0.40219.1
Project("{2150E333-8FDC-42A3-9474-1A3956D46DE8}") = "Common", "Common", "{BE1A474D-6517-4570-90B0-E9D4E96703A6}"
EndProject
Project("{2150E333-8FDC-42A3-9474-1A3956D46DE8}") = "Services", "Services", "{3143EC50-E08A-43DE-9389-AC25B092DFB4}"
EndProject
Project("{2150E333-8FDC-42A3-9474-1A3956D46DE8}") = "UI", "UI", "{614C8788-F656-483F-8B82-34A75DBDB0EA}"
EndProject
Project("{9A19103F-16F7-4668-BE54-9A1E7A4F7556}") = "WebStore.Domain", "Common\WebStore.Domain\WebStore.Domain.csproj", "{1316882F-B83A-4003-B741-C6C7B39DFFD9}"
EndProject
Project("{9A19103F-16F7-4668-BE54-9A1E7A4F7556}") = "WebStore.DAL", "Services\WebStore.DAL\WebStore.DAL.csproj", "{4F22A550-9A1A-4B2F-8C2A-54CA11EF10B2}"
EndProject
Project("{9A19103F-16F7-4668-BE54-9A1E7A4F7556}") = "WebStore.DAL.Sqlite", "Services\WebStore.DAL.Sqlite\WebStore.DAL.Sqlite.csproj", "{3B5A3CC7-EE90-49F1-A036-41C8A01F0CA7}"
EndProject
Project("{9A19103F-16F7-4668-BE54-9A1E7A4F7556}") = "WebStore", "UI\WebStore\WebStore.csproj", "{1E253A4E-3FF3-4460-8096-05C8EBF6CA83}"
EndProject
Project("{FAE04EC0-301F-11D3-BF4B-00C04F79EFBC}") = "WebStore.Interfaces", "Services\WebStore.Interfaces\WebStore.Interfaces.csproj", "{B7E12E6F-8A35-44F3-A4F2-FA4356E38AFC}"
EndProject
Project("{FAE04EC0-301F-11D3-BF4B-00C04F79EFBC}") = "WebStore.Services", "Services\WebStore.Services\WebStore.Services.csproj", "{C45B5457-D9F0-43EC-83C9-783F81A214AE}"
EndProject
Project("{FAE04EC0-301F-11D3-BF4B-00C04F79EFBC}") = "WebStore.WebAPI", "Services\WebStore.WebAPI\WebStore.WebAPI.csproj", "{A778B136-6339-42CE-9729-C4858CA22FEB}"
EndProject
Project("{FAE04EC0-301F-11D3-BF4B-00C04F79EFBC}") = "WebStore.WebAPI.Clients", "Services\WebStore.WebAPI.Clients\WebStore.WebAPI.Clients.csproj", "{D8EC8EF5-A493-4E4D-9B76-4D08D70BDF30}"
EndProject
Global
	GlobalSection(SolutionConfigurationPlatforms) = preSolution
		Debug|Any CPU = Debug|Any CPU
		Release|Any CPU = Release|Any CPU
	EndGlobalSection
	GlobalSection(ProjectConfigurationPlatforms) = postSolution
		{1316882F-B83A-4003-B741-C6C7B39DFFD9}.Debug|Any CPU.ActiveCfg = Debug|Any CPU
		{1316882F-B83A-4003-B741-C6C7B39DFFD9}.Debug|Any CPU.Build.0 = Debug|Any CPU
		{1316882F-B83A-4003-B741-C6C7B39DFFD9}.Release|Any CPU.ActiveCfg = Release|Any CPU
		{1316882F-B83A-4003-B741-C6C7B39DFFD9}.Release|Any CPU.Build.0 = Release|Any CPU
		{4F22A550-9A1A-4B2F-8C2A-54CA11EF10B2}.Debug|Any CPU.ActiveCfg = Debug|Any CPU
		{4F22A550-9A1A-4B2F-8C2A-54CA11EF10B2}.Debug|Any CPU.Build.0 = Debug|Any CPU
		{4F22A550-9A1A-4B2F-8C2A-54CA11EF10B2}.Release|Any CPU.ActiveCfg = Release|Any CPU
		{4F22A550-9A1A-4B2F-8C2A-54CA11EF10B2}.Release|Any CPU.Build.0 = Release|Any CPU
		{3B5A3CC7-EE90-49F1-A036-41C8A01F0CA7}.Debug|Any CPU.ActiveCfg = Debug|Any CPU
		{3B5A3CC7-EE90-49F1-A036-41C8A01F0CA7}.Debug|Any CPU.Build.0 = Debug|Any CPU
		{3B5A3CC7-EE90-49F1-A036-41C8A01F0CA7}.Release|Any CPU.ActiveCfg = Release|Any CPU
		{3B5A3CC7-EE90-49F1-A036-41C8A01F0CA7}.Release|Any CPU.Build.0 = Release|Any CPU
		{1E253A4E-3FF3-4460-8096-05C8EBF6CA83}.Debug|Any CPU.ActiveCfg = Debug|Any CPU
		{1E253A4E-3FF3-4460-8096-05C8EBF6CA83}.Debug|Any CPU.Build.0 = Debug|Any CPU
		{1E253A4E-3FF3-4460-8096-05C8EBF6CA83}.Release|Any CPU.ActiveCfg = Release|Any CPU
		{1E253A4E-3FF3-4460-8096-05C8EBF6CA83}.Release|Any CPU.Build.0 = Release|Any CPU
		{B7E12E6F-8A35-44F3-A4F2-FA4356E38AFC}.Debug|Any CPU.ActiveCfg = Debug|Any CPU
		{B7E12E6F-8A35-44F3-A4F2-FA4356E38AFC}.Debug|Any CPU.Build.0 = Debug|Any CPU
		{B7E12E6F-8A35-44F3-A4F2-FA4356E38AFC}.Release|Any CPU.ActiveCfg = Release|Any CPU
		{B7E12E6F-8A35-44F3-A4F2-FA4356E38AFC}.Release|Any CPU.Build.0 = Release|Any CPU
		{C45B5457-D9F0-43EC-83C9-783F81A214AE}.Debug|Any CPU.ActiveCfg = Debug|Any CPU
		{C45B5457-D9F0-43EC-83C9-783F81A214AE}.Debug|Any CPU.Build.0 = Debug|Any CPU
		{C45B5457-D9F0-43EC-83C9-783F81A214AE}.Release|Any CPU.ActiveCfg = Release|Any CPU
		{C45B5457-D9F0-43EC-83C9-783F81A214AE}.Release|Any CPU.Build.0 = Release|Any CPU
		{A778B136-6339-42CE-9729-C4858CA22FEB}.Debug|Any CPU.ActiveCfg = Debug|Any CPU
		{A778B136-6339-42CE-9729-C4858CA22FEB}.Debug|Any CPU.Build.0 = Debug|Any CPU
		{A778B136-6339-42CE-9729-C4858CA22FEB}.Release|Any CPU.ActiveCfg = Release|Any CPU
		{A778B136-6339-42CE-9729-C4858CA22FEB}.Release|Any CPU.Build.0 = Release|Any CPU
		{D8EC8EF5-A493-4E4D-9B76-4D08D70BDF30}.Debug|Any CPU.ActiveCfg = Debug|Any CPU
		{D8EC8EF5-A493-4E4D-9B76-4D08D70BDF30}.Debug|Any CPU.Build.0 = Debug|Any CPU
		{D8EC8EF5-A493-4E4D-9B76-4D08D70BDF30}.Release|Any CPU.ActiveCfg = Release|Any CPU
		{D8EC8EF5-A493-4E4D-9B76-4D08D70BDF30}.Release|Any CPU.Build.0 = Release|Any CPU
	EndGlobalSection
	GlobalSection(SolutionProperties) = preSolution
		HideSolutionNode = FALSE
	EndGlobalSection
	GlobalSection(NestedProjects) = preSolution
		{1316882F-B83A-4003-B741-C6C7B39DFFD9} = {BE1A474D-6517-4570-90B0-E9D4E96703A6}
		{4F22A550-9A1A-4B2F-8C2A-54CA11EF10B2} = {3143EC50-E08A-43DE-9389-AC25B092DFB4}
		{3B5A3CC7-EE90-49F1-A036-41C8A01F0CA7} = {3143EC50-E08A-43DE-9389-AC25B092DFB4}
		{1E253A4E-3FF3-4460-8096-05C8EBF6CA83} = {614C8788-F656-483F-8B82-34A75DBDB0EA}
		{B7E12E6F-8A35-44F3-A4F2-FA4356E38AFC} = {3143EC50-E08A-43DE-9389-AC25B092DFB4}
		{C45B5457-D9F0-43EC-83C9-783F81A214AE} = {3143EC50-E08A-43DE-9389-AC25B092DFB4}
		{A778B136-6339-42CE-9729-C4858CA22FEB} = {3143EC50-E08A-43DE-9389-AC25B092DFB4}
		{D8EC8EF5-A493-4E4D-9B76-4D08D70BDF30} = {3143EC50-E08A-43DE-9389-AC25B092DFB4}
	EndGlobalSection
	GlobalSection(ExtensibilityGlobals) = postSolution
		SolutionGuid = {297E7218-A7F0-42AB-98AD-5F973272021B}
	EndGlobalSection
EndGlobal
